
Microsoft Visual Studio Solution File, Format Version 12.00
Project("{FAE04EC0-301F-11D3-BF4B-00C04F79EFBC}") = "TradeLedger.Api", "src\TradeLedger.Api\TradeLedger.Api.csproj", "{A1EF5969-465B-4F16-B264-1A46A4DD4AF7}"
EndProject
Project("{2150E333-8FDC-42A3-9474-1A3956D46DE8}") = "tests", "tests", "{0AB3BF05-4346-4AA6-1389-037BE0695223}"
EndProject
Project("{FAE04EC0-301F-11D3-BF4B-00C04F79EFBC}") = "TradeLedger.UnitTests", "tests\TradeLedger.UnitTests\TradeLedger.UnitTests.csproj", "{A4B543B8-0E37-4CFA-9365-28C77E1BDDF6}"
EndProject
Project("{FAE04EC0-301F-11D3-BF4B-00C04F79EFBC}") = "TradeLedger.IntegrationTests", "tests\TradeLedger.IntegrationTests\TradeLedger.IntegrationTests.csproj", "{D3D5B21A-28C8-4D37-8C65-0BC49D6D4F87}"
EndProject
Project("{2150E333-8FDC-42A3-9474-1A3956D46DE8}") = "src", "src", "{827E0CD3-B72D-47B6-A68D-7590B98EB39B}"
EndProject
Project("{FAE04EC0-301F-11D3-BF4B-00C04F79EFBC}") = "TradeLedger.Application", "src\TradeLedger.Application\TradeLedger.Application.csproj", "{4DA451D5-C023-423E-8B84-FA9C6B355116}"
EndProject
Project("{FAE04EC0-301F-11D3-BF4B-00C04F79EFBC}") = "TradeLedger.Database", "src\TradeLedger.Database\TradeLedger.Database.csproj", "{39D1EBA9-E9A6-4AE2-BF9D-4E0761FEF8E9}"
EndProject
Project("{FAE04EC0-301F-11D3-BF4B-00C04F79EFBC}") = "TradeLedger.Domain", "src\TradeLedger.Domain\TradeLedger.Domain.csproj", "{8B47A99B-7C68-41E7-A110-6D0918225158}"
EndProject
Project("{FAE04EC0-301F-11D3-BF4B-00C04F79EFBC}") = "TradeLedger.Processor", "src\TradeLedger.Processor\TradeLedger.Processor.csproj", "{D83D184F-D5C6-4C24-8706-C72BA94AC4DD}"
EndProject
Project("{FAE04EC0-301F-11D3-BF4B-00C04F79EFBC}") = "TradeLedger.Common", "src\TradeLedger.Common\TradeLedger.Common.csproj", "{3DC57829-9580-4E1C-BD0D-A6221E3E434D}"
EndProject
Global
	GlobalSection(SolutionConfigurationPlatforms) = preSolution
		Debug|Any CPU = Debug|Any CPU
		Debug|x64 = Debug|x64
		Debug|x86 = Debug|x86
		Release|Any CPU = Release|Any CPU
		Release|x64 = Release|x64
		Release|x86 = Release|x86
	EndGlobalSection
	GlobalSection(ProjectConfigurationPlatforms) = postSolution
		{A1EF5969-465B-4F16-B264-1A46A4DD4AF7}.Debug|Any CPU.ActiveCfg = Debug|Any CPU
		{A1EF5969-465B-4F16-B264-1A46A4DD4AF7}.Debug|Any CPU.Build.0 = Debug|Any CPU
		{A1EF5969-465B-4F16-B264-1A46A4DD4AF7}.Debug|x64.ActiveCfg = Debug|Any CPU
		{A1EF5969-465B-4F16-B264-1A46A4DD4AF7}.Debug|x64.Build.0 = Debug|Any CPU
		{A1EF5969-465B-4F16-B264-1A46A4DD4AF7}.Debug|x86.ActiveCfg = Debug|Any CPU
		{A1EF5969-465B-4F16-B264-1A46A4DD4AF7}.Debug|x86.Build.0 = Debug|Any CPU
		{A1EF5969-465B-4F16-B264-1A46A4DD4AF7}.Release|Any CPU.ActiveCfg = Release|Any CPU
		{A1EF5969-465B-4F16-B264-1A46A4DD4AF7}.Release|Any CPU.Build.0 = Release|Any CPU
		{A1EF5969-465B-4F16-B264-1A46A4DD4AF7}.Release|x64.ActiveCfg = Release|Any CPU
		{A1EF5969-465B-4F16-B264-1A46A4DD4AF7}.Release|x64.Build.0 = Release|Any CPU
		{A1EF5969-465B-4F16-B264-1A46A4DD4AF7}.Release|x86.ActiveCfg = Release|Any CPU
		{A1EF5969-465B-4F16-B264-1A46A4DD4AF7}.Release|x86.Build.0 = Release|Any CPU
		{A4B543B8-0E37-4CFA-9365-28C77E1BDDF6}.Debug|Any CPU.ActiveCfg = Debug|Any CPU
		{A4B543B8-0E37-4CFA-9365-28C77E1BDDF6}.Debug|Any CPU.Build.0 = Debug|Any CPU
		{A4B543B8-0E37-4CFA-9365-28C77E1BDDF6}.Debug|x64.ActiveCfg = Debug|Any CPU
		{A4B543B8-0E37-4CFA-9365-28C77E1BDDF6}.Debug|x64.Build.0 = Debug|Any CPU
		{A4B543B8-0E37-4CFA-9365-28C77E1BDDF6}.Debug|x86.ActiveCfg = Debug|Any CPU
		{A4B543B8-0E37-4CFA-9365-28C77E1BDDF6}.Debug|x86.Build.0 = Debug|Any CPU
		{A4B543B8-0E37-4CFA-9365-28C77E1BDDF6}.Release|Any CPU.ActiveCfg = Release|Any CPU
		{A4B543B8-0E37-4CFA-9365-28C77E1BDDF6}.Release|Any CPU.Build.0 = Release|Any CPU
		{A4B543B8-0E37-4CFA-9365-28C77E1BDDF6}.Release|x64.ActiveCfg = Release|Any CPU
		{A4B543B8-0E37-4CFA-9365-28C77E1BDDF6}.Release|x64.Build.0 = Release|Any CPU
		{A4B543B8-0E37-4CFA-9365-28C77E1BDDF6}.Release|x86.ActiveCfg = Release|Any CPU
		{A4B543B8-0E37-4CFA-9365-28C77E1BDDF6}.Release|x86.Build.0 = Release|Any CPU
		{D3D5B21A-28C8-4D37-8C65-0BC49D6D4F87}.Debug|Any CPU.ActiveCfg = Debug|Any CPU
		{D3D5B21A-28C8-4D37-8C65-0BC49D6D4F87}.Debug|Any CPU.Build.0 = Debug|Any CPU
		{D3D5B21A-28C8-4D37-8C65-0BC49D6D4F87}.Debug|x64.ActiveCfg = Debug|Any CPU
		{D3D5B21A-28C8-4D37-8C65-0BC49D6D4F87}.Debug|x64.Build.0 = Debug|Any CPU
		{D3D5B21A-28C8-4D37-8C65-0BC49D6D4F87}.Debug|x86.ActiveCfg = Debug|Any CPU
		{D3D5B21A-28C8-4D37-8C65-0BC49D6D4F87}.Debug|x86.Build.0 = Debug|Any CPU
		{D3D5B21A-28C8-4D37-8C65-0BC49D6D4F87}.Release|Any CPU.ActiveCfg = Release|Any CPU
		{D3D5B21A-28C8-4D37-8C65-0BC49D6D4F87}.Release|Any CPU.Build.0 = Release|Any CPU
		{D3D5B21A-28C8-4D37-8C65-0BC49D6D4F87}.Release|x64.ActiveCfg = Release|Any CPU
		{D3D5B21A-28C8-4D37-8C65-0BC49D6D4F87}.Release|x64.Build.0 = Release|Any CPU
		{D3D5B21A-28C8-4D37-8C65-0BC49D6D4F87}.Release|x86.ActiveCfg = Release|Any CPU
		{D3D5B21A-28C8-4D37-8C65-0BC49D6D4F87}.Release|x86.Build.0 = Release|Any CPU
		{4DA451D5-C023-423E-8B84-FA9C6B355116}.Debug|Any CPU.ActiveCfg = Debug|Any CPU
		{4DA451D5-C023-423E-8B84-FA9C6B355116}.Debug|Any CPU.Build.0 = Debug|Any CPU
		{4DA451D5-C023-423E-8B84-FA9C6B355116}.Debug|x64.ActiveCfg = Debug|Any CPU
		{4DA451D5-C023-423E-8B84-FA9C6B355116}.Debug|x64.Build.0 = Debug|Any CPU
		{4DA451D5-C023-423E-8B84-FA9C6B355116}.Debug|x86.ActiveCfg = Debug|Any CPU
		{4DA451D5-C023-423E-8B84-FA9C6B355116}.Debug|x86.Build.0 = Debug|Any CPU
		{4DA451D5-C023-423E-8B84-FA9C6B355116}.Release|Any CPU.ActiveCfg = Release|Any CPU
		{4DA451D5-C023-423E-8B84-FA9C6B355116}.Release|Any CPU.Build.0 = Release|Any CPU
		{4DA451D5-C023-423E-8B84-FA9C6B355116}.Release|x64.ActiveCfg = Release|Any CPU
		{4DA451D5-C023-423E-8B84-FA9C6B355116}.Release|x64.Build.0 = Release|Any CPU
		{4DA451D5-C023-423E-8B84-FA9C6B355116}.Release|x86.ActiveCfg = Release|Any CPU
		{4DA451D5-C023-423E-8B84-FA9C6B355116}.Release|x86.Build.0 = Release|Any CPU
		{39D1EBA9-E9A6-4AE2-BF9D-4E0761FEF8E9}.Debug|Any CPU.ActiveCfg = Debug|Any CPU
		{39D1EBA9-E9A6-4AE2-BF9D-4E0761FEF8E9}.Debug|Any CPU.Build.0 = Debug|Any CPU
		{39D1EBA9-E9A6-4AE2-BF9D-4E0761FEF8E9}.Debug|x64.ActiveCfg = Debug|Any CPU
		{39D1EBA9-E9A6-4AE2-BF9D-4E0761FEF8E9}.Debug|x64.Build.0 = Debug|Any CPU
		{39D1EBA9-E9A6-4AE2-BF9D-4E0761FEF8E9}.Debug|x86.ActiveCfg = Debug|Any CPU
		{39D1EBA9-E9A6-4AE2-BF9D-4E0761FEF8E9}.Debug|x86.Build.0 = Debug|Any CPU
		{39D1EBA9-E9A6-4AE2-BF9D-4E0761FEF8E9}.Release|Any CPU.ActiveCfg = Release|Any CPU
		{39D1EBA9-E9A6-4AE2-BF9D-4E0761FEF8E9}.Release|Any CPU.Build.0 = Release|Any CPU
		{39D1EBA9-E9A6-4AE2-BF9D-4E0761FEF8E9}.Release|x64.ActiveCfg = Release|Any CPU
		{39D1EBA9-E9A6-4AE2-BF9D-4E0761FEF8E9}.Release|x64.Build.0 = Release|Any CPU
		{39D1EBA9-E9A6-4AE2-BF9D-4E0761FEF8E9}.Release|x86.ActiveCfg = Release|Any CPU
		{39D1EBA9-E9A6-4AE2-BF9D-4E0761FEF8E9}.Release|x86.Build.0 = Release|Any CPU
		{8B47A99B-7C68-41E7-A110-6D0918225158}.Debug|Any CPU.ActiveCfg = Debug|Any CPU
		{8B47A99B-7C68-41E7-A110-6D0918225158}.Debug|Any CPU.Build.0 = Debug|Any CPU
		{8B47A99B-7C68-41E7-A110-6D0918225158}.Debug|x64.ActiveCfg = Debug|Any CPU
		{8B47A99B-7C68-41E7-A110-6D0918225158}.Debug|x64.Build.0 = Debug|Any CPU
		{8B47A99B-7C68-41E7-A110-6D0918225158}.Debug|x86.ActiveCfg = Debug|Any CPU
		{8B47A99B-7C68-41E7-A110-6D0918225158}.Debug|x86.Build.0 = Debug|Any CPU
		{8B47A99B-7C68-41E7-A110-6D0918225158}.Release|Any CPU.ActiveCfg = Release|Any CPU
		{8B47A99B-7C68-41E7-A110-6D0918225158}.Release|Any CPU.Build.0 = Release|Any CPU
		{8B47A99B-7C68-41E7-A110-6D0918225158}.Release|x64.ActiveCfg = Release|Any CPU
		{8B47A99B-7C68-41E7-A110-6D0918225158}.Release|x64.Build.0 = Release|Any CPU
		{8B47A99B-7C68-41E7-A110-6D0918225158}.Release|x86.ActiveCfg = Release|Any CPU
		{8B47A99B-7C68-41E7-A110-6D0918225158}.Release|x86.Build.0 = Release|Any CPU
		{D83D184F-D5C6-4C24-8706-C72BA94AC4DD}.Debug|Any CPU.ActiveCfg = Debug|Any CPU
		{D83D184F-D5C6-4C24-8706-C72BA94AC4DD}.Debug|Any CPU.Build.0 = Debug|Any CPU
		{D83D184F-D5C6-4C24-8706-C72BA94AC4DD}.Debug|x64.ActiveCfg = Debug|Any CPU
		{D83D184F-D5C6-4C24-8706-C72BA94AC4DD}.Debug|x64.Build.0 = Debug|Any CPU
		{D83D184F-D5C6-4C24-8706-C72BA94AC4DD}.Debug|x86.ActiveCfg = Debug|Any CPU
		{D83D184F-D5C6-4C24-8706-C72BA94AC4DD}.Debug|x86.Build.0 = Debug|Any CPU
		{D83D184F-D5C6-4C24-8706-C72BA94AC4DD}.Release|Any CPU.ActiveCfg = Release|Any CPU
		{D83D184F-D5C6-4C24-8706-C72BA94AC4DD}.Release|Any CPU.Build.0 = Release|Any CPU
		{D83D184F-D5C6-4C24-8706-C72BA94AC4DD}.Release|x64.ActiveCfg = Release|Any CPU
		{D83D184F-D5C6-4C24-8706-C72BA94AC4DD}.Release|x64.Build.0 = Release|Any CPU
		{D83D184F-D5C6-4C24-8706-C72BA94AC4DD}.Release|x86.ActiveCfg = Release|Any CPU
		{D83D184F-D5C6-4C24-8706-C72BA94AC4DD}.Release|x86.Build.0 = Release|Any CPU
		{3DC57829-9580-4E1C-BD0D-A6221E3E434D}.Debug|Any CPU.ActiveCfg = Debug|Any CPU
		{3DC57829-9580-4E1C-BD0D-A6221E3E434D}.Debug|Any CPU.Build.0 = Debug|Any CPU
		{3DC57829-9580-4E1C-BD0D-A6221E3E434D}.Debug|x64.ActiveCfg = Debug|Any CPU
		{3DC57829-9580-4E1C-BD0D-A6221E3E434D}.Debug|x64.Build.0 = Debug|Any CPU
		{3DC57829-9580-4E1C-BD0D-A6221E3E434D}.Debug|x86.ActiveCfg = Debug|Any CPU
		{3DC57829-9580-4E1C-BD0D-A6221E3E434D}.Debug|x86.Build.0 = Debug|Any CPU
		{3DC57829-9580-4E1C-BD0D-A6221E3E434D}.Release|Any CPU.ActiveCfg = Release|Any CPU
		{3DC57829-9580-4E1C-BD0D-A6221E3E434D}.Release|Any CPU.Build.0 = Release|Any CPU
		{3DC57829-9580-4E1C-BD0D-A6221E3E434D}.Release|x64.ActiveCfg = Release|Any CPU
		{3DC57829-9580-4E1C-BD0D-A6221E3E434D}.Release|x64.Build.0 = Release|Any CPU
		{3DC57829-9580-4E1C-BD0D-A6221E3E434D}.Release|x86.ActiveCfg = Release|Any CPU
		{3DC57829-9580-4E1C-BD0D-A6221E3E434D}.Release|x86.Build.0 = Release|Any CPU
	EndGlobalSection
	GlobalSection(SolutionProperties) = preSolution
		HideSolutionNode = FALSE
	EndGlobalSection
	GlobalSection(NestedProjects) = preSolution
		{A4B543B8-0E37-4CFA-9365-28C77E1BDDF6} = {0AB3BF05-4346-4AA6-1389-037BE0695223}
		{D3D5B21A-28C8-4D37-8C65-0BC49D6D4F87} = {0AB3BF05-4346-4AA6-1389-037BE0695223}
		{4DA451D5-C023-423E-8B84-FA9C6B355116} = {827E0CD3-B72D-47B6-A68D-7590B98EB39B}
		{39D1EBA9-E9A6-4AE2-BF9D-4E0761FEF8E9} = {827E0CD3-B72D-47B6-A68D-7590B98EB39B}
		{8B47A99B-7C68-41E7-A110-6D0918225158} = {827E0CD3-B72D-47B6-A68D-7590B98EB39B}
		{D83D184F-D5C6-4C24-8706-C72BA94AC4DD} = {827E0CD3-B72D-47B6-A68D-7590B98EB39B}
		{3DC57829-9580-4E1C-BD0D-A6221E3E434D} = {827E0CD3-B72D-47B6-A68D-7590B98EB39B}
		{A1EF5969-465B-4F16-B264-1A46A4DD4AF7} = {827E0CD3-B72D-47B6-A68D-7590B98EB39B}
	EndGlobalSection
EndGlobal
